// !$*UTF8*$!
{
	archiveVersion = 1;
	classes = {
	};
	objectVersion = 56;
	objects = {

/* Begin PBXFileReference section */
		A1000001000000000000001 /* PippiWhispurrApp.swift */ = {isa = PBXFileReference; lastKnownFileType = sourcecode.swift; path = PippiWhispurrApp.swift; sourceTree = "<group>"; };
		A1000001000000000000002 /* Info.plist */ = {isa = PBXFileReference; lastKnownFileType = text.plist.xml; path = Info.plist; sourceTree = "<group>"; };
		A1000001000000000000003 /* PetPhoto.swift */ = {isa = PBXFileReference; lastKnownFileType = sourcecode.swift; path = PetPhoto.swift; sourceTree = "<group>"; };
		A1000001000000000000004 /* PhotoManager.swift */ = {isa = PBXFileReference; lastKnownFileType = sourcecode.swift; path = PhotoManager.swift; sourceTree = "<group>"; };
		A1000001000000000000005 /* PetDetector.swift */ = {isa = PBXFileReference; lastKnownFileType = sourcecode.swift; path = PetDetector.swift; sourceTree = "<group>"; };
		A1000001000000000000006 /* ContentView.swift */ = {isa = PBXFileReference; lastKnownFileType = sourcecode.swift; path = ContentView.swift; sourceTree = "<group>"; };
		A1000001000000000000007 /* CalendarView.swift */ = {isa = PBXFileReference; lastKnownFileType = sourcecode.swift; path = CalendarView.swift; sourceTree = "<group>"; };
		A1000001000000000000008 /* PhotoGridView.swift */ = {isa = PBXFileReference; lastKnownFileType = sourcecode.swift; path = PhotoGridView.swift; sourceTree = "<group>"; };
		A1000001000000000000009 /* PhotoDetailView.swift */ = {isa = PBXFileReference; lastKnownFileType = sourcecode.swift; path = PhotoDetailView.swift; sourceTree = "<group>"; };
		A100000100000000000000A /* ScannerView.swift */ = {isa = PBXFileReference; lastKnownFileType = sourcecode.swift; path = ScannerView.swift; sourceTree = "<group>"; };
/* End PBXFileReference section */

/* Begin PBXGroup section */
		A1000001000000000000010 = {
			isa = PBXGroup;
			children = (
				A1000001000000000000020 /* PippiWhispurr */,
			);
			sourceTree = "<group>";
		};
		A1000001000000000000020 /* PippiWhispurr */ = {
			isa = PBXGroup;
			children = (
				A1000001000000000000001 /* PippiWhispurrApp.swift */,
				A1000001000000000000002 /* Info.plist */,
				A1000001000000000000030 /* Models */,
				A1000001000000000000040 /* Managers */,
				A1000001000000000000050 /* Views */,
			);
			path = PippiWhispurr;
			sourceTree = "<group>";
		};
		A1000001000000000000030 /* Models */ = {
			isa = PBXGroup;
			children = (
				A1000001000000000000003 /* PetPhoto.swift */,
			);
			path = Models;
			sourceTree = "<group>";
		};
		A1000001000000000000040 /* Managers */ = {
			isa = PBXGroup;
			children = (
				A1000001000000000000004 /* PhotoManager.swift */,
				A1000001000000000000005 /* PetDetector.swift */,
			);
			path = Managers;
			sourceTree = "<group>";
		};
		A1000001000000000000050 /* Views */ = {
			isa = PBXGroup;
			children = (
				A1000001000000000000006 /* ContentView.swift */,
				A1000001000000000000007 /* CalendarView.swift */,
				A1000001000000000000008 /* PhotoGridView.swift */,
				A1000001000000000000009 /* PhotoDetailView.swift */,
				A100000100000000000000A /* ScannerView.swift */,
			);
			path = Views;
			sourceTree = "<group>";
		};
/* End PBXGroup section */

	};
	rootObject = A1000001000000000000010;
}
